// !$*UTF8*$!
{
	archiveVersion = 1;
	classes = {
	};
	objectVersion = 46;
	objects = {

/* Begin PBXBuildFile section */
		17FF28F91BB25D5F00B5EAB4 /* AppDelegate.swift in Sources */ = {isa = PBXBuildFile; fileRef = 17FF28F81BB25D5F00B5EAB4 /* AppDelegate.swift */; };
		17FF28FB1BB25D5F00B5EAB4 /* ViewController.swift in Sources */ = {isa = PBXBuildFile; fileRef = 17FF28FA1BB25D5F00B5EAB4 /* ViewController.swift */; };
		17FF28FE1BB25D5F00B5EAB4 /* Main.storyboard in Resources */ = {isa = PBXBuildFile; fileRef = 17FF28FC1BB25D5F00B5EAB4 /* Main.storyboard */; };
		17FF29001BB25D5F00B5EAB4 /* Assets.xcassets in Resources */ = {isa = PBXBuildFile; fileRef = 17FF28FF1BB25D5F00B5EAB4 /* Assets.xcassets */; };
		17FF29031BB25D5F00B5EAB4 /* LaunchScreen.storyboard in Resources */ = {isa = PBXBuildFile; fileRef = 17FF29011BB25D5F00B5EAB4 /* LaunchScreen.storyboard */; };
		17FF290B1BB29FF200B5EAB4 /* CalculatorBrain.swift in Sources */ = {isa = PBXBuildFile; fileRef = 17FF290A1BB29FF200B5EAB4 /* CalculatorBrain.swift */; settings = {ASSET_TAGS = (); }; };
/* End PBXBuildFile section */

/* Begin PBXFileReference section */
		17FF28F51BB25D5F00B5EAB4 /* Calculator.app */ = {isa = PBXFileReference; explicitFileType = wrapper.application; includeInIndex = 0; path = Calculator.app; sourceTree = BUILT_PRODUCTS_DIR; };
		17FF28F81BB25D5F00B5EAB4 /* AppDelegate.swift */ = {isa = PBXFileReference; lastKnownFileType = sourcecode.swift; path = AppDelegate.swift; sourceTree = "<group>"; };
		17FF28FA1BB25D5F00B5EAB4 /* ViewController.swift */ = {isa = PBXFileReference; lastKnownFileType = sourcecode.swift; path = ViewController.swift; sourceTree = "<group>"; };
		17FF28FD1BB25D5F00B5EAB4 /* Base */ = {isa = PBXFileReference; lastKnownFileType = file.storyboard; name = Base; path = Base.lproj/Main.storyboard; sourceTree = "<group>"; };
		17FF28FF1BB25D5F00B5EAB4 /* Assets.xcassets */ = {isa = PBXFileReference; lastKnownFileType = folder.assetcatalog; path = Assets.xcassets; sourceTree = "<group>"; };
		17FF29021BB25D5F00B5EAB4 /* Base */ = {isa = PBXFileReference; lastKnownFileType = file.storyboard; name = Base; path = Base.lproj/LaunchScreen.storyboard; sourceTree = "<group>"; };
		17FF29041BB25D5F00B5EAB4 /* Info.plist */ = {isa = PBXFileReference; lastKnownFileType = text.plist.xml; path = Info.plist; sourceTree = "<group>"; };
		17FF290A1BB29FF200B5EAB4 /* CalculatorBrain.swift */ = {isa = PBXFileReference; fileEncoding = 4; lastKnownFileType = sourcecode.swift; path = CalculatorBrain.swift; sourceTree = "<group>"; };
/* End PBXFileReference section */

/* Begin PBXFrameworksBuildPhase section */
		17FF28F21BB25D5F00B5EAB4 /* Frameworks */ = {
			isa = PBXFrameworksBuildPhase;
			buildActionMask = 2147483647;
			files = (
			);
			runOnlyForDeploymentPostprocessing = 0;
		};
/* End PBXFrameworksBuildPhase section */

/* Begin PBXGroup section */
		17FF28EC1BB25D5F00B5EAB4 = {
			isa = PBXGroup;
			children = (
				17FF28F71BB25D5F00B5EAB4 /* Calculator */,
				17FF28F61BB25D5F00B5EAB4 /* Products */,
			);
			sourceTree = "<group>";
		};
		17FF28F61BB25D5F00B5EAB4 /* Products */ = {
			isa = PBXGroup;
			children = (
				17FF28F51BB25D5F00B5EAB4 /* Calculator.app */,
			);
			name = Products;
			sourceTree = "<group>";
		};
		17FF28F71BB25D5F00B5EAB4 /* Calculator */ = {
			isa = PBXGroup;
			children = (
				17FF28F81BB25D5F00B5EAB4 /* AppDelegate.swift */,
				17FF28FA1BB25D5F00B5EAB4 /* ViewController.swift */,
				17FF290A1BB29FF200B5EAB4 /* CalculatorBrain.swift */,
				17FF28FC1BB25D5F00B5EAB4 /* Main.storyboard */,
				17FF28FF1BB25D5F00B5EAB4 /* Assets.xcassets */,
				17FF29011BB25D5F00B5EAB4 /* LaunchScreen.storyboard */,
				17FF29041BB25D5F00B5EAB4 /* Info.plist */,
			);
			path = Calculator;
			sourceTree = "<group>";
		};
/* End PBXGroup section */

/* Begin PBXNativeTarget section */
		17FF28F41BB25D5F00B5EAB4 /* Calculator */ = {
			isa = PBXNativeTarget;
			buildConfigurationList = 17FF29071BB25D5F00B5EAB4 /* Build configuration list for PBXNativeTarget "Calculator" */;
			buildPhases = (
				17FF28F11BB25D5F00B5EAB4 /* Sources */,
				17FF28F21BB25D5F00B5EAB4 /* Frameworks */,
				17FF28F31BB25D5F00B5EAB4 /* Resources */,
			);
			buildRules = (
			);
			dependencies = (
			);
			name = Calculator;
			productName = Calculator;
			productReference = 17FF28F51BB25D5F00B5EAB4 /* Calculator.app */;
			productType = "com.apple.product-type.application";
		};
/* End PBXNativeTarget section */

/* Begin PBXProject section */
		17FF28ED1BB25D5F00B5EAB4 /* Project object */ = {
			isa = PBXProject;
			attributes = {
				LastUpgradeCheck = 0700;
				ORGANIZATIONNAME = "Sachin Virdy";
				TargetAttributes = {
					17FF28F41BB25D5F00B5EAB4 = {
						CreatedOnToolsVersion = 7.0;
						DevelopmentTeam = 2AES4RBVYS;
					};
				};
			};
			buildConfigurationList = 17FF28F01BB25D5F00B5EAB4 /* Build configuration list for PBXProject "Calculator" */;
			compatibilityVersion = "Xcode 3.2";
			developmentRegion = English;
			hasScannedForEncodings = 0;
			knownRegions = (
				en,
				Base,
			);
			mainGroup = 17FF28EC1BB25D5F00B5EAB4;
			productRefGroup = 17FF28F61BB25D5F00B5EAB4 /* Products */;
			projectDirPath = "";
			projectRoot = "";
			targets = (
				17FF28F41BB25D5F00B5EAB4 /* Calculator */,
			);
		};
/* End PBXProject section */

/* Begin PBXResourcesBuildPhase section */
		17FF28F31BB25D5F00B5EAB4 /* Resources */ = {
			isa = PBXResourcesBuildPhase;
			buildActionMask = 2147483647;
			files = (
				17FF29031BB25D5F00B5EAB4 /* LaunchScreen.storyboard in Resources */,
				17FF29001BB25D5F00B5EAB4 /* Assets.xcassets in Resources */,
				17FF28FE1BB25D5F00B5EAB4 /* Main.storyboard in Resources */,
			);
			runOnlyForDeploymentPostprocessing = 0;
		};
/* End PBXResourcesBuildPhase section */

/* Begin PBXSourcesBuildPhase section */
		17FF28F11BB25D5F00B5EAB4 /* Sources */ = {
			isa = PBXSourcesBuildPhase;
			buildActionMask = 2147483647;
			files = (
				17FF290B1BB29FF200B5EAB4 /* CalculatorBrain.swift in Sources */,
				17FF28FB1BB25D5F00B5EAB4 /* ViewController.swift in Sources */,
				17FF28F91BB25D5F00B5EAB4 /* AppDelegate.swift in Sources */,
			);
			runOnlyForDeploymentPostprocessing = 0;
		};
/* End PBXSourcesBuildPhase section */

/* Begin PBXVariantGroup section */
		17FF28FC1BB25D5F00B5EAB4 /* Main.storyboard */ = {
			isa = PBXVariantGroup;
			children = (
				17FF28FD1BB25D5F00B5EAB4 /* Base */,
			);
			name = Main.storyboard;
			sourceTree = "<group>";
		};
		17FF29011BB25D5F00B5EAB4 /* LaunchScreen.storyboard */ = {
			isa = PBXVariantGroup;
			children = (
				17FF29021BB25D5F00B5EAB4 /* Base */,
			);
			name = LaunchScreen.storyboard;
			sourceTree = "<group>";
		};
/* End PBXVariantGroup section */

/* Begin XCBuildConfiguration section */
		17FF29051BB25D5F00B5EAB4 /* Debug */ = {
			isa = XCBuildConfiguration;
			buildSettings = {
				ALWAYS_SEARCH_USER_PATHS = NO;
				CLANG_CXX_LANGUAGE_STANDARD = "gnu++0x";
				CLANG_CXX_LIBRARY = "libc++";
				CLANG_ENABLE_MODULES = YES;
				CLANG_ENABLE_OBJC_ARC = YES;
				CLANG_WARN_BOOL_CONVERSION = YES;
				CLANG_WARN_CONSTANT_CONVERSION = YES;
				CLANG_WARN_DIRECT_OBJC_ISA_USAGE = YES_ERROR;
				CLANG_WARN_EMPTY_BODY = YES;
				CLANG_WARN_ENUM_CONVERSION = YES;
				CLANG_WARN_INT_CONVERSION = YES;
				CLANG_WARN_OBJC_ROOT_CLASS = YES_ERROR;
				CLANG_WARN_UNREACHABLE_CODE = YES;
				CLANG_WARN__DUPLICATE_METHOD_MATCH = YES;
				"CODE_SIGN_IDENTITY[sdk=iphoneos*]" = "iPhone Developer";
				COPY_PHASE_STRIP = NO;
				DEBUG_INFORMATION_FORMAT = dwarf;
				ENABLE_STRICT_OBJC_MSGSEND = YES;
				ENABLE_TESTABILITY = YES;
				GCC_C_LANGUAGE_STANDARD = gnu99;
				GCC_DYNAMIC_NO_PIC = NO;
				GCC_NO_COMMON_BLOCKS = YES;
				GCC_OPTIMIZATION_LEVEL = 0;
				GCC_PREPROCESSOR_DEFINITIONS = (
					"DEBUG=1",
					"$(inherited)",
				);
				GCC_WARN_64_TO_32_BIT_CONVERSION = YES;
				GCC_WARN_ABOUT_RETURN_TYPE = YES_ERROR;
				GCC_WARN_UNDECLARED_SELECTOR = YES;
				GCC_WARN_UNINITIALIZED_AUTOS = YES_AGGRESSIVE;
				GCC_WARN_UNUSED_FUNCTION = YES;
				GCC_WARN_UNUSED_VARIABLE = YES;
				IPHONEOS_DEPLOYMENT_TARGET = 9.0;
				MTL_ENABLE_DEBUG_INFO = YES;
				ONLY_ACTIVE_ARCH = YES;
				SDKROOT = iphoneos;
				SWIFT_OPTIMIZATION_LEVEL = "-Onone";
				TARGETED_DEVICE_FAMILY = "1,2";
			};
			name = Debug;
		};
		17FF29061BB25D5F00B5EAB4 /* Release */ = {
			isa = XCBuildConfiguration;
			buildSettings = {
				ALWAYS_SEARCH_USER_PATHS = NO;
				CLANG_CXX_LANGUAGE_STANDARD = "gnu++0x";
				CLANG_CXX_LIBRARY = "libc++";
				CLANG_ENABLE_MODULES = YES;
				CLANG_ENABLE_OBJC_ARC = YES;
				CLANG_WARN_BOOL_CONVERSION = YES;
				CLANG_WARN_CONSTANT_CONVERSION = YES;
				CLANG_WARN_DIRECT_OBJC_ISA_USAGE = YES_ERROR;
				CLANG_WARN_EMPTY_BODY = YES;
				CLANG_WARN_ENUM_CONVERSION = YES;
				CLANG_WARN_INT_CONVERSION = YES;
				CLANG_WARN_OBJC_ROOT_CLASS = YES_ERROR;
				CLANG_WARN_UNREACHABLE_CODE = YES;
				CLANG_WARN__DUPLICATE_METHOD_MATCH = YES;
				"CODE_SIGN_IDENTITY[sdk=iphoneos*]" = "iPhone Developer";
				COPY_PHASE_STRIP = NO;
				DEBUG_INFORMATION_FORMAT = "dwarf-with-dsym";
				ENABLE_NS_ASSERTIONS = NO;
				ENABLE_STRICT_OBJC_MSGSEND = YES;
				GCC_C_LANGUAGE_STANDARD = gnu99;
				GCC_NO_COMMON_BLOCKS = YES;
				GCC_WARN_64_TO_32_BIT_CONVERSION = YES;
				GCC_WARN_ABOUT_RETURN_TYPE = YES_ERROR;
				GCC_WARN_UNDECLARED_SELECTOR = YES;
				GCC_WARN_UNINITIALIZED_AUTOS = YES_AGGRESSIVE;
				GCC_WARN_UNUSED_FUNCTION = YES;
				GCC_WARN_UNUSED_VARIABLE = YES;
				IPHONEOS_DEPLOYMENT_TARGET = 9.0;
				MTL_ENABLE_DEBUG_INFO = NO;
				SDKROOT = iphoneos;
				TARGETED_DEVICE_FAMILY = "1,2";
				VALIDATE_PRODUCT = YES;
			};
			name = Release;
		};
		17FF29081BB25D5F00B5EAB4 /* Debug */ = {
			isa = XCBuildConfiguration;
			buildSettings = {
				ASSETCATALOG_COMPILER_APPICON_NAME = AppIcon;
				INFOPLIST_FILE = Calculator/Info.plist;
				LD_RUNPATH_SEARCH_PATHS = "$(inherited) @executable_path/Frameworks";
				PRODUCT_BUNDLE_IDENTIFIER = com.sachinvirdy.Calculator;
				PRODUCT_NAME = "$(TARGET_NAME)";
			};
			name = Debug;
		};
		17FF29091BB25D5F00B5EAB4 /* Release */ = {
			isa = XCBuildConfiguration;
			buildSettings = {
				ASSETCATALOG_COMPILER_APPICON_NAME = AppIcon;
				INFOPLIST_FILE = Calculator/Info.plist;
				LD_RUNPATH_SEARCH_PATHS = "$(inherited) @executable_path/Frameworks";
				PRODUCT_BUNDLE_IDENTIFIER = com.sachinvirdy.Calculator;
				PRODUCT_NAME = "$(TARGET_NAME)";
			};
			name = Release;
		};
/* End XCBuildConfiguration section */

/* Begin XCConfigurationList section */
		17FF28F01BB25D5F00B5EAB4 /* Build configuration list for PBXProject "Calculator" */ = {
			isa = XCConfigurationList;
			buildConfigurations = (
				17FF29051BB25D5F00B5EAB4 /* Debug */,
				17FF29061BB25D5F00B5EAB4 /* Release */,
			);
			defaultConfigurationIsVisible = 0;
			defaultConfigurationName = Release;
		};
		17FF29071BB25D5F00B5EAB4 /* Build configuration list for PBXNativeTarget "Calculator" */ = {
			isa = XCConfigurationList;
			buildConfigurations = (
				17FF29081BB25D5F00B5EAB4 /* Debug */,
				17FF29091BB25D5F00B5EAB4 /* Release */,
			);
			defaultConfigurationIsVisible = 0;
		};
/* End XCConfigurationList section */
	};
	rootObject = 17FF28ED1BB25D5F00B5EAB4 /* Project object */;
}
